
Microsoft Visual Studio Solution File, Format Version 12.00
# Visual Studio Version 17
VisualStudioVersion = 17.7.34024.191
MinimumVisualStudioVersion = 10.0.40219.1
Project("{2150E333-8FDC-42A3-9474-1A3956D46DE8}") = "Task0", "Task0", "{045C0188-A0CE-416F-B01C-2D92CC4002B1}"
EndProject
Project("{FAE04EC0-301F-11D3-BF4B-00C04F79EFBC}") = "Tyuiu.SvitkovIA.Sprint1.Task0.V8", "Tyuiu.SvitkovIA.Sprint1.Task0.V8\Tyuiu.SvitkovIA.Sprint1.Task0.V8.csproj", "{9DC1E772-91C2-4F83-98AD-5DF42D980BBA}"
EndProject
Project("{FAE04EC0-301F-11D3-BF4B-00C04F79EFBC}") = "Tyuiu.SvitkovIA.Sprint1.Task0.V8.Lib", "Tyuiu.SvitkovIA.Sprint1.Task0.V8.Lib\Tyuiu.SvitkovIA.Sprint1.Task0.V8.Lib.csproj", "{5354A166-6D61-4C19-AAAE-F6C44F1039C9}"
EndProject
Project("{FAE04EC0-301F-11D3-BF4B-00C04F79EFBC}") = "Tyuiu.SvitkovIA.Sprint1.Task0.V8.Test", "Tyuiu.SvitkovIA.Sprint1.Task0.V8.Test\Tyuiu.SvitkovIA.Sprint1.Task0.V8.Test.csproj", "{2BEFCCB1-58C7-4042-8328-F53D2C89C57E}"
EndProject
Project("{2150E333-8FDC-42A3-9474-1A3956D46DE8}") = "Task1", "Task1", "{CF568AED-9E98-4EA5-9941-EA99F370AF62}"
EndProject
Project("{FAE04EC0-301F-11D3-BF4B-00C04F79EFBC}") = "Tyuiu.SvitkovIA.Sprint1.Task1.V27", "Tyuiu.SvitkovIA.Sprint1.Task1.V27\Tyuiu.SvitkovIA.Sprint1.Task1.V27.csproj", "{1865E2DB-584E-4666-BFED-652EBA6194A3}"
EndProject
Project("{FAE04EC0-301F-11D3-BF4B-00C04F79EFBC}") = "Tyuiu.SvitkovIA.Sprint1.Task1.V27.Lib", "Tyuiu.SvitkovIA.Sprint1.Task1.V27.Lib\Tyuiu.SvitkovIA.Sprint1.Task1.V27.Lib.csproj", "{160192F3-EC32-46EB-961C-750F688961B9}"
EndProject
Project("{FAE04EC0-301F-11D3-BF4B-00C04F79EFBC}") = "Tyuiu.SvitkovIA.Sprint1.Task1.V27.Test", "Tyuiu.SvitkovIA.Sprint1.Task1.V27.Test\Tyuiu.SvitkovIA.Sprint1.Task1.V27.Test.csproj", "{ADE17D95-29D5-4A0F-A182-3633B2638DB6}"
EndProject
Project("{2150E333-8FDC-42A3-9474-1A3956D46DE8}") = "Task2", "Task2", "{B6F7B97F-455D-48BE-A7BA-49E8E44A1045}"
EndProject
Project("{FAE04EC0-301F-11D3-BF4B-00C04F79EFBC}") = "Tyuiu.SvitkovIA.Sprint1.Task2.V1", "Tyuiu.SvitkovIA.Sprint1.Task2.V1\Tyuiu.SvitkovIA.Sprint1.Task2.V1.csproj", "{2E473313-D1FB-4FF4-B61D-72BD3FD2C63D}"
EndProject
Project("{FAE04EC0-301F-11D3-BF4B-00C04F79EFBC}") = "Tyuiu.SvitkovIA.Sprint1.Task2.V1.Lib", "Tyuiu.SvitkovIA.Sprint1.Task2.V1.Lib\Tyuiu.SvitkovIA.Sprint1.Task2.V1.Lib.csproj", "{76D88E7A-5C8B-4C64-9ACE-85D5C860B3C1}"
EndProject
Project("{FAE04EC0-301F-11D3-BF4B-00C04F79EFBC}") = "Tyuiu.SvitkovIA.Sprint1.Task2.V1.Test", "Tyuiu.SvitkovIA.Sprint1.Task2.V1.Test\Tyuiu.SvitkovIA.Sprint1.Task2.V1.Test.csproj", "{9A78C36E-621E-49F8-A71F-73707FDA1AF9}"
EndProject
Project("{2150E333-8FDC-42A3-9474-1A3956D46DE8}") = "Task3", "Task3", "{A82EDD05-99EA-4577-AE2F-430782989E8A}"
EndProject
Project("{FAE04EC0-301F-11D3-BF4B-00C04F79EFBC}") = "Tyuiu.SvitkovIA.Sprint1.Task3.V1", "Tyuiu.SvitkovIA.Sprint1.Task3.V1\Tyuiu.SvitkovIA.Sprint1.Task3.V1.csproj", "{DB8FFED6-F812-4B71-94E8-4F59DDEC3BD8}"
EndProject
Project("{FAE04EC0-301F-11D3-BF4B-00C04F79EFBC}") = "Tyuiu.SvitkovIA.Sprint1.Task3.V1.Lib", "Tyuiu.SvitkovIA.Sprint1.Task3.V1.Lib\Tyuiu.SvitkovIA.Sprint1.Task3.V1.Lib.csproj", "{5392CB72-A0C4-43F5-9067-A3AD64D2E86D}"
EndProject
Project("{FAE04EC0-301F-11D3-BF4B-00C04F79EFBC}") = "Tyuiu.SvitkovIA.Sprint1.Task3.V1.Test", "Tyuiu.SvitkovIA.Sprint1.Task3.V1.Test\Tyuiu.SvitkovIA.Sprint1.Task3.V1.Test.csproj", "{2E9D3542-6862-4B92-8D1C-C95C5B113AE7}"
EndProject
Global
	GlobalSection(SolutionConfigurationPlatforms) = preSolution
		Debug|Any CPU = Debug|Any CPU
		Release|Any CPU = Release|Any CPU
	EndGlobalSection
	GlobalSection(ProjectConfigurationPlatforms) = postSolution
		{9DC1E772-91C2-4F83-98AD-5DF42D980BBA}.Debug|Any CPU.ActiveCfg = Debug|Any CPU
		{9DC1E772-91C2-4F83-98AD-5DF42D980BBA}.Debug|Any CPU.Build.0 = Debug|Any CPU
		{9DC1E772-91C2-4F83-98AD-5DF42D980BBA}.Release|Any CPU.ActiveCfg = Release|Any CPU
		{9DC1E772-91C2-4F83-98AD-5DF42D980BBA}.Release|Any CPU.Build.0 = Release|Any CPU
		{5354A166-6D61-4C19-AAAE-F6C44F1039C9}.Debug|Any CPU.ActiveCfg = Debug|Any CPU
		{5354A166-6D61-4C19-AAAE-F6C44F1039C9}.Debug|Any CPU.Build.0 = Debug|Any CPU
		{5354A166-6D61-4C19-AAAE-F6C44F1039C9}.Release|Any CPU.ActiveCfg = Release|Any CPU
		{5354A166-6D61-4C19-AAAE-F6C44F1039C9}.Release|Any CPU.Build.0 = Release|Any CPU
		{2BEFCCB1-58C7-4042-8328-F53D2C89C57E}.Debug|Any CPU.ActiveCfg = Debug|Any CPU
		{2BEFCCB1-58C7-4042-8328-F53D2C89C57E}.Debug|Any CPU.Build.0 = Debug|Any CPU
		{2BEFCCB1-58C7-4042-8328-F53D2C89C57E}.Release|Any CPU.ActiveCfg = Release|Any CPU
		{2BEFCCB1-58C7-4042-8328-F53D2C89C57E}.Release|Any CPU.Build.0 = Release|Any CPU
		{1865E2DB-584E-4666-BFED-652EBA6194A3}.Debug|Any CPU.ActiveCfg = Debug|Any CPU
		{1865E2DB-584E-4666-BFED-652EBA6194A3}.Debug|Any CPU.Build.0 = Debug|Any CPU
		{1865E2DB-584E-4666-BFED-652EBA6194A3}.Release|Any CPU.ActiveCfg = Release|Any CPU
		{1865E2DB-584E-4666-BFED-652EBA6194A3}.Release|Any CPU.Build.0 = Release|Any CPU
		{160192F3-EC32-46EB-961C-750F688961B9}.Debug|Any CPU.ActiveCfg = Debug|Any CPU
		{160192F3-EC32-46EB-961C-750F688961B9}.Debug|Any CPU.Build.0 = Debug|Any CPU
		{160192F3-EC32-46EB-961C-750F688961B9}.Release|Any CPU.ActiveCfg = Release|Any CPU
		{160192F3-EC32-46EB-961C-750F688961B9}.Release|Any CPU.Build.0 = Release|Any CPU
		{ADE17D95-29D5-4A0F-A182-3633B2638DB6}.Debug|Any CPU.ActiveCfg = Debug|Any CPU
		{ADE17D95-29D5-4A0F-A182-3633B2638DB6}.Debug|Any CPU.Build.0 = Debug|Any CPU
		{ADE17D95-29D5-4A0F-A182-3633B2638DB6}.Release|Any CPU.ActiveCfg = Release|Any CPU
		{ADE17D95-29D5-4A0F-A182-3633B2638DB6}.Release|Any CPU.Build.0 = Release|Any CPU
		{2E473313-D1FB-4FF4-B61D-72BD3FD2C63D}.Debug|Any CPU.ActiveCfg = Debug|Any CPU
		{2E473313-D1FB-4FF4-B61D-72BD3FD2C63D}.Debug|Any CPU.Build.0 = Debug|Any CPU
		{2E473313-D1FB-4FF4-B61D-72BD3FD2C63D}.Release|Any CPU.ActiveCfg = Release|Any CPU
		{2E473313-D1FB-4FF4-B61D-72BD3FD2C63D}.Release|Any CPU.Build.0 = Release|Any CPU
		{76D88E7A-5C8B-4C64-9ACE-85D5C860B3C1}.Debug|Any CPU.ActiveCfg = Debug|Any CPU
		{76D88E7A-5C8B-4C64-9ACE-85D5C860B3C1}.Debug|Any CPU.Build.0 = Debug|Any CPU
		{76D88E7A-5C8B-4C64-9ACE-85D5C860B3C1}.Release|Any CPU.ActiveCfg = Release|Any CPU
		{76D88E7A-5C8B-4C64-9ACE-85D5C860B3C1}.Release|Any CPU.Build.0 = Release|Any CPU
		{9A78C36E-621E-49F8-A71F-73707FDA1AF9}.Debug|Any CPU.ActiveCfg = Debug|Any CPU
		{9A78C36E-621E-49F8-A71F-73707FDA1AF9}.Debug|Any CPU.Build.0 = Debug|Any CPU
		{9A78C36E-621E-49F8-A71F-73707FDA1AF9}.Release|Any CPU.ActiveCfg = Release|Any CPU
		{9A78C36E-621E-49F8-A71F-73707FDA1AF9}.Release|Any CPU.Build.0 = Release|Any CPU
		{DB8FFED6-F812-4B71-94E8-4F59DDEC3BD8}.Debug|Any CPU.ActiveCfg = Debug|Any CPU
		{DB8FFED6-F812-4B71-94E8-4F59DDEC3BD8}.Debug|Any CPU.Build.0 = Debug|Any CPU
		{DB8FFED6-F812-4B71-94E8-4F59DDEC3BD8}.Release|Any CPU.ActiveCfg = Release|Any CPU
		{DB8FFED6-F812-4B71-94E8-4F59DDEC3BD8}.Release|Any CPU.Build.0 = Release|Any CPU
		{5392CB72-A0C4-43F5-9067-A3AD64D2E86D}.Debug|Any CPU.ActiveCfg = Debug|Any CPU
		{5392CB72-A0C4-43F5-9067-A3AD64D2E86D}.Debug|Any CPU.Build.0 = Debug|Any CPU
		{5392CB72-A0C4-43F5-9067-A3AD64D2E86D}.Release|Any CPU.ActiveCfg = Release|Any CPU
		{5392CB72-A0C4-43F5-9067-A3AD64D2E86D}.Release|Any CPU.Build.0 = Release|Any CPU
		{2E9D3542-6862-4B92-8D1C-C95C5B113AE7}.Debug|Any CPU.ActiveCfg = Debug|Any CPU
		{2E9D3542-6862-4B92-8D1C-C95C5B113AE7}.Debug|Any CPU.Build.0 = Debug|Any CPU
		{2E9D3542-6862-4B92-8D1C-C95C5B113AE7}.Release|Any CPU.ActiveCfg = Release|Any CPU
		{2E9D3542-6862-4B92-8D1C-C95C5B113AE7}.Release|Any CPU.Build.0 = Release|Any CPU
	EndGlobalSection
	GlobalSection(SolutionProperties) = preSolution
		HideSolutionNode = FALSE
	EndGlobalSection
	GlobalSection(NestedProjects) = preSolution
		{9DC1E772-91C2-4F83-98AD-5DF42D980BBA} = {045C0188-A0CE-416F-B01C-2D92CC4002B1}
		{5354A166-6D61-4C19-AAAE-F6C44F1039C9} = {045C0188-A0CE-416F-B01C-2D92CC4002B1}
		{2BEFCCB1-58C7-4042-8328-F53D2C89C57E} = {045C0188-A0CE-416F-B01C-2D92CC4002B1}
		{1865E2DB-584E-4666-BFED-652EBA6194A3} = {CF568AED-9E98-4EA5-9941-EA99F370AF62}
		{160192F3-EC32-46EB-961C-750F688961B9} = {CF568AED-9E98-4EA5-9941-EA99F370AF62}
		{ADE17D95-29D5-4A0F-A182-3633B2638DB6} = {CF568AED-9E98-4EA5-9941-EA99F370AF62}
		{2E473313-D1FB-4FF4-B61D-72BD3FD2C63D} = {B6F7B97F-455D-48BE-A7BA-49E8E44A1045}
		{76D88E7A-5C8B-4C64-9ACE-85D5C860B3C1} = {B6F7B97F-455D-48BE-A7BA-49E8E44A1045}
		{9A78C36E-621E-49F8-A71F-73707FDA1AF9} = {B6F7B97F-455D-48BE-A7BA-49E8E44A1045}
		{DB8FFED6-F812-4B71-94E8-4F59DDEC3BD8} = {A82EDD05-99EA-4577-AE2F-430782989E8A}
		{5392CB72-A0C4-43F5-9067-A3AD64D2E86D} = {A82EDD05-99EA-4577-AE2F-430782989E8A}
		{2E9D3542-6862-4B92-8D1C-C95C5B113AE7} = {A82EDD05-99EA-4577-AE2F-430782989E8A}
	EndGlobalSection
	GlobalSection(ExtensibilityGlobals) = postSolution
		SolutionGuid = {9AC96DC9-DD80-4B59-AF86-899C99CEB97D}
	EndGlobalSection
EndGlobal
