
Microsoft Visual Studio Solution File, Format Version 12.00
# Visual Studio Version 17
VisualStudioVersion = 17.7.34024.191
MinimumVisualStudioVersion = 10.0.40219.1
Project("{2150E333-8FDC-42A3-9474-1A3956D46DE8}") = "Task0", "Task0", "{045C0188-A0CE-416F-B01C-2D92CC4002B1}"
EndProject
Project("{FAE04EC0-301F-11D3-BF4B-00C04F79EFBC}") = "Tyuiu.SvitkovIA.Sprint1.Task0.V8", "Tyuiu.SvitkovIA.Sprint1.Task0.V8\Tyuiu.SvitkovIA.Sprint1.Task0.V8.csproj", "{9DC1E772-91C2-4F83-98AD-5DF42D980BBA}"
EndProject
Project("{FAE04EC0-301F-11D3-BF4B-00C04F79EFBC}") = "Tyuiu.SvitkovIA.Sprint1.Task0.V8.Lib", "Tyuiu.SvitkovIA.Sprint1.Task0.V8.Lib\Tyuiu.SvitkovIA.Sprint1.Task0.V8.Lib.csproj", "{5354A166-6D61-4C19-AAAE-F6C44F1039C9}"
EndProject
Project("{FAE04EC0-301F-11D3-BF4B-00C04F79EFBC}") = "Tyuiu.SvitkovIA.Sprint1.Task0.V8.Test", "Tyuiu.SvitkovIA.Sprint1.Task0.V8.Test\Tyuiu.SvitkovIA.Sprint1.Task0.V8.Test.csproj", "{2BEFCCB1-58C7-4042-8328-F53D2C89C57E}"
EndProject
Project("{2150E333-8FDC-42A3-9474-1A3956D46DE8}") = "Task1", "Task1", "{CF568AED-9E98-4EA5-9941-EA99F370AF62}"
EndProject
Project("{FAE04EC0-301F-11D3-BF4B-00C04F79EFBC}") = "Tyuiu.SvitkovIA.Sprint1.Task1.V27", "Tyuiu.SvitkovIA.Sprint1.Task1.V27\Tyuiu.SvitkovIA.Sprint1.Task1.V27.csproj", "{1865E2DB-584E-4666-BFED-652EBA6194A3}"
EndProject
Project("{FAE04EC0-301F-11D3-BF4B-00C04F79EFBC}") = "Tyuiu.SvitkovIA.Sprint1.Task1.V27.Lib", "Tyuiu.SvitkovIA.Sprint1.Task1.V27.Lib\Tyuiu.SvitkovIA.Sprint1.Task1.V27.Lib.csproj", "{160192F3-EC32-46EB-961C-750F688961B9}"
EndProject
Project("{FAE04EC0-301F-11D3-BF4B-00C04F79EFBC}") = "Tyuiu.SvitkovIA.Sprint1.Task1.V27.Test", "Tyuiu.SvitkovIA.Sprint1.Task1.V27.Test\Tyuiu.SvitkovIA.Sprint1.Task1.V27.Test.csproj", "{ADE17D95-29D5-4A0F-A182-3633B2638DB6}"
EndProject
Project("{2150E333-8FDC-42A3-9474-1A3956D46DE8}") = "Task2", "Task2", "{B6F7B97F-455D-48BE-A7BA-49E8E44A1045}"
EndProject
Project("{FAE04EC0-301F-11D3-BF4B-00C04F79EFBC}") = "Tyuiu.SvitkovIA.Sprint1.Task2.V1", "Tyuiu.SvitkovIA.Sprint1.Task2.V1\Tyuiu.SvitkovIA.Sprint1.Task2.V1.csproj", "{2E473313-D1FB-4FF4-B61D-72BD3FD2C63D}"
EndProject
Project("{FAE04EC0-301F-11D3-BF4B-00C04F79EFBC}") = "Tyuiu.SvitkovIA.Sprint1.Task2.V1.Lib", "Tyuiu.SvitkovIA.Sprint1.Task2.V1.Lib\Tyuiu.SvitkovIA.Sprint1.Task2.V1.Lib.csproj", "{76D88E7A-5C8B-4C64-9ACE-85D5C860B3C1}"
EndProject
Project("{FAE04EC0-301F-11D3-BF4B-00C04F79EFBC}") = "Tyuiu.SvitkovIA.Sprint1.Task2.V1.Test", "Tyuiu.SvitkovIA.Sprint1.Task2.V1.Test\Tyuiu.SvitkovIA.Sprint1.Task2.V1.Test.csproj", "{9A78C36E-621E-49F8-A71F-73707FDA1AF9}"
EndProject
Project("{2150E333-8FDC-42A3-9474-1A3956D46DE8}") = "Task3", "Task3", "{A82EDD05-99EA-4577-AE2F-430782989E8A}"
EndProject
Project("{FAE04EC0-301F-11D3-BF4B-00C04F79EFBC}") = "Tyuiu.SvitkovIA.Sprint1.Task3.V1", "Tyuiu.SvitkovIA.Sprint1.Task3.V1\Tyuiu.SvitkovIA.Sprint1.Task3.V1.csproj", "{DB8FFED6-F812-4B71-94E8-4F59DDEC3BD8}"
EndProject
Project("{FAE04EC0-301F-11D3-BF4B-00C04F79EFBC}") = "Tyuiu.SvitkovIA.Sprint1.Task3.V1.Lib", "Tyuiu.SvitkovIA.Sprint1.Task3.V1.Lib\Tyuiu.SvitkovIA.Sprint1.Task3.V1.Lib.csproj", "{5392CB72-A0C4-43F5-9067-A3AD64D2E86D}"
EndProject
Project("{FAE04EC0-301F-11D3-BF4B-00C04F79EFBC}") = "Tyuiu.SvitkovIA.Sprint1.Task3.V1.Test", "Tyuiu.SvitkovIA.Sprint1.Task3.V1.Test\Tyuiu.SvitkovIA.Sprint1.Task3.V1.Test.csproj", "{2E9D3542-6862-4B92-8D1C-C95C5B113AE7}"
EndProject
Project("{2150E333-8FDC-42A3-9474-1A3956D46DE8}") = "Task4", "Task4", "{98183276-6D9D-4B36-A37E-17E800D6DE7B}"
EndProject
Project("{FAE04EC0-301F-11D3-BF4B-00C04F79EFBC}") = "Tyuiu.SvitkovIA.Sprint1.Task4.V2", "Tyuiu.SvitkovIA.Sprint1.Task4.V2\Tyuiu.SvitkovIA.Sprint1.Task4.V2.csproj", "{361319E0-6782-4489-AB7C-EC5E874E6416}"
EndProject
Project("{FAE04EC0-301F-11D3-BF4B-00C04F79EFBC}") = "Tyuiu.SvitkovIA.Sprint1.Task4.V2.Lib", "Tyuiu.SvitkovIA.Sprint1.Task4.V2.Lib\Tyuiu.SvitkovIA.Sprint1.Task4.V2.Lib.csproj", "{741D081D-9028-48B1-B39A-F66E9C8EF1EA}"
EndProject
Project("{FAE04EC0-301F-11D3-BF4B-00C04F79EFBC}") = "Tyuiu.SvitkovIA.Sprint1.Task4.V2.Test", "Tyuiu.SvitkovIA.Sprint1.Task4.V2.Test\Tyuiu.SvitkovIA.Sprint1.Task4.V2.Test.csproj", "{B7AC8DB1-7859-462F-9DFE-3266720C1912}"
EndProject
Project("{2150E333-8FDC-42A3-9474-1A3956D46DE8}") = "Task5", "Task5", "{53B60CF9-25A5-4D92-A56B-D8F470CDD76B}"
EndProject
Project("{FAE04EC0-301F-11D3-BF4B-00C04F79EFBC}") = "Tyuiu.SvitkovIA.Sprint1.Task5.V5", "Tyuiu.SvitkovIA.Sprint1.Task5.V5\Tyuiu.SvitkovIA.Sprint1.Task5.V5.csproj", "{94A3F34B-5715-4F9B-BF82-AF871203060E}"
EndProject
Project("{FAE04EC0-301F-11D3-BF4B-00C04F79EFBC}") = "Tyuiu.SvitkovIA.Sprint1.Task5.V5.Lib", "Tyuiu.SvitkovIA.Sprint1.Task5.V5.Lib\Tyuiu.SvitkovIA.Sprint1.Task5.V5.Lib.csproj", "{576D0333-24B9-4D96-869D-A7E3C4A2C2AF}"
EndProject
Project("{FAE04EC0-301F-11D3-BF4B-00C04F79EFBC}") = "Tyuiu.SvitkovIA.Sprint1.Task5.V5.Test", "Tyuiu.SvitkovIA.Sprint1.Task5.V5.Test\Tyuiu.SvitkovIA.Sprint1.Task5.V5.Test.csproj", "{6B161D9F-DF6B-470D-85AB-A3F4345A8C2C}"
EndProject
Project("{2150E333-8FDC-42A3-9474-1A3956D46DE8}") = "Task6", "Task6", "{5D35FD6A-8A13-4F03-BD45-35778CA3A983}"
EndProject
Project("{FAE04EC0-301F-11D3-BF4B-00C04F79EFBC}") = "Tyuiu.SvitkovIA.Sprint1.Task6.V11", "Tyuiu.SvitkovIA.Sprint1.Task6.V11\Tyuiu.SvitkovIA.Sprint1.Task6.V11.csproj", "{B976C44D-A26D-47DB-9EA5-D4E6F5D0D81F}"
EndProject
Project("{FAE04EC0-301F-11D3-BF4B-00C04F79EFBC}") = "Tyuiu.SvitkovIA.Sprint1.Task6.V11.Lib", "Tyuiu.SvitkovIA.Sprint1.Task6.V11.Lib\Tyuiu.SvitkovIA.Sprint1.Task6.V11.Lib.csproj", "{FBD4EE79-40A8-435C-9FAD-FFD6ECB3855D}"
EndProject
Project("{FAE04EC0-301F-11D3-BF4B-00C04F79EFBC}") = "Tyuiu.SvitkovIA.Sprint1.Task6.V11.Test", "Tyuiu.SvitkovIA.Sprint1.Task6.V11.Test\Tyuiu.SvitkovIA.Sprint1.Task6.V11.Test.csproj", "{DBF6BC8A-1E6D-41DF-8558-445158BB454F}"
EndProject
Global
	GlobalSection(SolutionConfigurationPlatforms) = preSolution
		Debug|Any CPU = Debug|Any CPU
		Release|Any CPU = Release|Any CPU
	EndGlobalSection
	GlobalSection(ProjectConfigurationPlatforms) = postSolution
		{9DC1E772-91C2-4F83-98AD-5DF42D980BBA}.Debug|Any CPU.ActiveCfg = Debug|Any CPU
		{9DC1E772-91C2-4F83-98AD-5DF42D980BBA}.Debug|Any CPU.Build.0 = Debug|Any CPU
		{9DC1E772-91C2-4F83-98AD-5DF42D980BBA}.Release|Any CPU.ActiveCfg = Release|Any CPU
		{9DC1E772-91C2-4F83-98AD-5DF42D980BBA}.Release|Any CPU.Build.0 = Release|Any CPU
		{5354A166-6D61-4C19-AAAE-F6C44F1039C9}.Debug|Any CPU.ActiveCfg = Debug|Any CPU
		{5354A166-6D61-4C19-AAAE-F6C44F1039C9}.Debug|Any CPU.Build.0 = Debug|Any CPU
		{5354A166-6D61-4C19-AAAE-F6C44F1039C9}.Release|Any CPU.ActiveCfg = Release|Any CPU
		{5354A166-6D61-4C19-AAAE-F6C44F1039C9}.Release|Any CPU.Build.0 = Release|Any CPU
		{2BEFCCB1-58C7-4042-8328-F53D2C89C57E}.Debug|Any CPU.ActiveCfg = Debug|Any CPU
		{2BEFCCB1-58C7-4042-8328-F53D2C89C57E}.Debug|Any CPU.Build.0 = Debug|Any CPU
		{2BEFCCB1-58C7-4042-8328-F53D2C89C57E}.Release|Any CPU.ActiveCfg = Release|Any CPU
		{2BEFCCB1-58C7-4042-8328-F53D2C89C57E}.Release|Any CPU.Build.0 = Release|Any CPU
		{1865E2DB-584E-4666-BFED-652EBA6194A3}.Debug|Any CPU.ActiveCfg = Debug|Any CPU
		{1865E2DB-584E-4666-BFED-652EBA6194A3}.Debug|Any CPU.Build.0 = Debug|Any CPU
		{1865E2DB-584E-4666-BFED-652EBA6194A3}.Release|Any CPU.ActiveCfg = Release|Any CPU
		{1865E2DB-584E-4666-BFED-652EBA6194A3}.Release|Any CPU.Build.0 = Release|Any CPU
		{160192F3-EC32-46EB-961C-750F688961B9}.Debug|Any CPU.ActiveCfg = Debug|Any CPU
		{160192F3-EC32-46EB-961C-750F688961B9}.Debug|Any CPU.Build.0 = Debug|Any CPU
		{160192F3-EC32-46EB-961C-750F688961B9}.Release|Any CPU.ActiveCfg = Release|Any CPU
		{160192F3-EC32-46EB-961C-750F688961B9}.Release|Any CPU.Build.0 = Release|Any CPU
		{ADE17D95-29D5-4A0F-A182-3633B2638DB6}.Debug|Any CPU.ActiveCfg = Debug|Any CPU
		{ADE17D95-29D5-4A0F-A182-3633B2638DB6}.Debug|Any CPU.Build.0 = Debug|Any CPU
		{ADE17D95-29D5-4A0F-A182-3633B2638DB6}.Release|Any CPU.ActiveCfg = Release|Any CPU
		{ADE17D95-29D5-4A0F-A182-3633B2638DB6}.Release|Any CPU.Build.0 = Release|Any CPU
		{2E473313-D1FB-4FF4-B61D-72BD3FD2C63D}.Debug|Any CPU.ActiveCfg = Debug|Any CPU
		{2E473313-D1FB-4FF4-B61D-72BD3FD2C63D}.Debug|Any CPU.Build.0 = Debug|Any CPU
		{2E473313-D1FB-4FF4-B61D-72BD3FD2C63D}.Release|Any CPU.ActiveCfg = Release|Any CPU
		{2E473313-D1FB-4FF4-B61D-72BD3FD2C63D}.Release|Any CPU.Build.0 = Release|Any CPU
		{76D88E7A-5C8B-4C64-9ACE-85D5C860B3C1}.Debug|Any CPU.ActiveCfg = Debug|Any CPU
		{76D88E7A-5C8B-4C64-9ACE-85D5C860B3C1}.Debug|Any CPU.Build.0 = Debug|Any CPU
		{76D88E7A-5C8B-4C64-9ACE-85D5C860B3C1}.Release|Any CPU.ActiveCfg = Release|Any CPU
		{76D88E7A-5C8B-4C64-9ACE-85D5C860B3C1}.Release|Any CPU.Build.0 = Release|Any CPU
		{9A78C36E-621E-49F8-A71F-73707FDA1AF9}.Debug|Any CPU.ActiveCfg = Debug|Any CPU
		{9A78C36E-621E-49F8-A71F-73707FDA1AF9}.Debug|Any CPU.Build.0 = Debug|Any CPU
		{9A78C36E-621E-49F8-A71F-73707FDA1AF9}.Release|Any CPU.ActiveCfg = Release|Any CPU
		{9A78C36E-621E-49F8-A71F-73707FDA1AF9}.Release|Any CPU.Build.0 = Release|Any CPU
		{DB8FFED6-F812-4B71-94E8-4F59DDEC3BD8}.Debug|Any CPU.ActiveCfg = Debug|Any CPU
		{DB8FFED6-F812-4B71-94E8-4F59DDEC3BD8}.Debug|Any CPU.Build.0 = Debug|Any CPU
		{DB8FFED6-F812-4B71-94E8-4F59DDEC3BD8}.Release|Any CPU.ActiveCfg = Release|Any CPU
		{DB8FFED6-F812-4B71-94E8-4F59DDEC3BD8}.Release|Any CPU.Build.0 = Release|Any CPU
		{5392CB72-A0C4-43F5-9067-A3AD64D2E86D}.Debug|Any CPU.ActiveCfg = Debug|Any CPU
		{5392CB72-A0C4-43F5-9067-A3AD64D2E86D}.Debug|Any CPU.Build.0 = Debug|Any CPU
		{5392CB72-A0C4-43F5-9067-A3AD64D2E86D}.Release|Any CPU.ActiveCfg = Release|Any CPU
		{5392CB72-A0C4-43F5-9067-A3AD64D2E86D}.Release|Any CPU.Build.0 = Release|Any CPU
		{2E9D3542-6862-4B92-8D1C-C95C5B113AE7}.Debug|Any CPU.ActiveCfg = Debug|Any CPU
		{2E9D3542-6862-4B92-8D1C-C95C5B113AE7}.Debug|Any CPU.Build.0 = Debug|Any CPU
		{2E9D3542-6862-4B92-8D1C-C95C5B113AE7}.Release|Any CPU.ActiveCfg = Release|Any CPU
		{2E9D3542-6862-4B92-8D1C-C95C5B113AE7}.Release|Any CPU.Build.0 = Release|Any CPU
		{361319E0-6782-4489-AB7C-EC5E874E6416}.Debug|Any CPU.ActiveCfg = Debug|Any CPU
		{361319E0-6782-4489-AB7C-EC5E874E6416}.Debug|Any CPU.Build.0 = Debug|Any CPU
		{361319E0-6782-4489-AB7C-EC5E874E6416}.Release|Any CPU.ActiveCfg = Release|Any CPU
		{361319E0-6782-4489-AB7C-EC5E874E6416}.Release|Any CPU.Build.0 = Release|Any CPU
		{741D081D-9028-48B1-B39A-F66E9C8EF1EA}.Debug|Any CPU.ActiveCfg = Debug|Any CPU
		{741D081D-9028-48B1-B39A-F66E9C8EF1EA}.Debug|Any CPU.Build.0 = Debug|Any CPU
		{741D081D-9028-48B1-B39A-F66E9C8EF1EA}.Release|Any CPU.ActiveCfg = Release|Any CPU
		{741D081D-9028-48B1-B39A-F66E9C8EF1EA}.Release|Any CPU.Build.0 = Release|Any CPU
		{B7AC8DB1-7859-462F-9DFE-3266720C1912}.Debug|Any CPU.ActiveCfg = Debug|Any CPU
		{B7AC8DB1-7859-462F-9DFE-3266720C1912}.Debug|Any CPU.Build.0 = Debug|Any CPU
		{B7AC8DB1-7859-462F-9DFE-3266720C1912}.Release|Any CPU.ActiveCfg = Release|Any CPU
		{B7AC8DB1-7859-462F-9DFE-3266720C1912}.Release|Any CPU.Build.0 = Release|Any CPU
		{94A3F34B-5715-4F9B-BF82-AF871203060E}.Debug|Any CPU.ActiveCfg = Debug|Any CPU
		{94A3F34B-5715-4F9B-BF82-AF871203060E}.Debug|Any CPU.Build.0 = Debug|Any CPU
		{94A3F34B-5715-4F9B-BF82-AF871203060E}.Release|Any CPU.ActiveCfg = Release|Any CPU
		{94A3F34B-5715-4F9B-BF82-AF871203060E}.Release|Any CPU.Build.0 = Release|Any CPU
		{576D0333-24B9-4D96-869D-A7E3C4A2C2AF}.Debug|Any CPU.ActiveCfg = Debug|Any CPU
		{576D0333-24B9-4D96-869D-A7E3C4A2C2AF}.Debug|Any CPU.Build.0 = Debug|Any CPU
		{576D0333-24B9-4D96-869D-A7E3C4A2C2AF}.Release|Any CPU.ActiveCfg = Release|Any CPU
		{576D0333-24B9-4D96-869D-A7E3C4A2C2AF}.Release|Any CPU.Build.0 = Release|Any CPU
		{6B161D9F-DF6B-470D-85AB-A3F4345A8C2C}.Debug|Any CPU.ActiveCfg = Debug|Any CPU
		{6B161D9F-DF6B-470D-85AB-A3F4345A8C2C}.Debug|Any CPU.Build.0 = Debug|Any CPU
		{6B161D9F-DF6B-470D-85AB-A3F4345A8C2C}.Release|Any CPU.ActiveCfg = Release|Any CPU
		{6B161D9F-DF6B-470D-85AB-A3F4345A8C2C}.Release|Any CPU.Build.0 = Release|Any CPU
		{B976C44D-A26D-47DB-9EA5-D4E6F5D0D81F}.Debug|Any CPU.ActiveCfg = Debug|Any CPU
		{B976C44D-A26D-47DB-9EA5-D4E6F5D0D81F}.Debug|Any CPU.Build.0 = Debug|Any CPU
		{B976C44D-A26D-47DB-9EA5-D4E6F5D0D81F}.Release|Any CPU.ActiveCfg = Release|Any CPU
		{B976C44D-A26D-47DB-9EA5-D4E6F5D0D81F}.Release|Any CPU.Build.0 = Release|Any CPU
		{FBD4EE79-40A8-435C-9FAD-FFD6ECB3855D}.Debug|Any CPU.ActiveCfg = Debug|Any CPU
		{FBD4EE79-40A8-435C-9FAD-FFD6ECB3855D}.Debug|Any CPU.Build.0 = Debug|Any CPU
		{FBD4EE79-40A8-435C-9FAD-FFD6ECB3855D}.Release|Any CPU.ActiveCfg = Release|Any CPU
		{FBD4EE79-40A8-435C-9FAD-FFD6ECB3855D}.Release|Any CPU.Build.0 = Release|Any CPU
		{DBF6BC8A-1E6D-41DF-8558-445158BB454F}.Debug|Any CPU.ActiveCfg = Debug|Any CPU
		{DBF6BC8A-1E6D-41DF-8558-445158BB454F}.Debug|Any CPU.Build.0 = Debug|Any CPU
		{DBF6BC8A-1E6D-41DF-8558-445158BB454F}.Release|Any CPU.ActiveCfg = Release|Any CPU
		{DBF6BC8A-1E6D-41DF-8558-445158BB454F}.Release|Any CPU.Build.0 = Release|Any CPU
	EndGlobalSection
	GlobalSection(SolutionProperties) = preSolution
		HideSolutionNode = FALSE
	EndGlobalSection
	GlobalSection(NestedProjects) = preSolution
		{9DC1E772-91C2-4F83-98AD-5DF42D980BBA} = {045C0188-A0CE-416F-B01C-2D92CC4002B1}
		{5354A166-6D61-4C19-AAAE-F6C44F1039C9} = {045C0188-A0CE-416F-B01C-2D92CC4002B1}
		{2BEFCCB1-58C7-4042-8328-F53D2C89C57E} = {045C0188-A0CE-416F-B01C-2D92CC4002B1}
		{1865E2DB-584E-4666-BFED-652EBA6194A3} = {CF568AED-9E98-4EA5-9941-EA99F370AF62}
		{160192F3-EC32-46EB-961C-750F688961B9} = {CF568AED-9E98-4EA5-9941-EA99F370AF62}
		{ADE17D95-29D5-4A0F-A182-3633B2638DB6} = {CF568AED-9E98-4EA5-9941-EA99F370AF62}
		{2E473313-D1FB-4FF4-B61D-72BD3FD2C63D} = {B6F7B97F-455D-48BE-A7BA-49E8E44A1045}
		{76D88E7A-5C8B-4C64-9ACE-85D5C860B3C1} = {B6F7B97F-455D-48BE-A7BA-49E8E44A1045}
		{9A78C36E-621E-49F8-A71F-73707FDA1AF9} = {B6F7B97F-455D-48BE-A7BA-49E8E44A1045}
		{DB8FFED6-F812-4B71-94E8-4F59DDEC3BD8} = {A82EDD05-99EA-4577-AE2F-430782989E8A}
		{5392CB72-A0C4-43F5-9067-A3AD64D2E86D} = {A82EDD05-99EA-4577-AE2F-430782989E8A}
		{2E9D3542-6862-4B92-8D1C-C95C5B113AE7} = {A82EDD05-99EA-4577-AE2F-430782989E8A}
		{361319E0-6782-4489-AB7C-EC5E874E6416} = {98183276-6D9D-4B36-A37E-17E800D6DE7B}
		{741D081D-9028-48B1-B39A-F66E9C8EF1EA} = {98183276-6D9D-4B36-A37E-17E800D6DE7B}
		{B7AC8DB1-7859-462F-9DFE-3266720C1912} = {98183276-6D9D-4B36-A37E-17E800D6DE7B}
		{94A3F34B-5715-4F9B-BF82-AF871203060E} = {53B60CF9-25A5-4D92-A56B-D8F470CDD76B}
		{576D0333-24B9-4D96-869D-A7E3C4A2C2AF} = {53B60CF9-25A5-4D92-A56B-D8F470CDD76B}
		{6B161D9F-DF6B-470D-85AB-A3F4345A8C2C} = {53B60CF9-25A5-4D92-A56B-D8F470CDD76B}
		{B976C44D-A26D-47DB-9EA5-D4E6F5D0D81F} = {5D35FD6A-8A13-4F03-BD45-35778CA3A983}
		{FBD4EE79-40A8-435C-9FAD-FFD6ECB3855D} = {5D35FD6A-8A13-4F03-BD45-35778CA3A983}
		{DBF6BC8A-1E6D-41DF-8558-445158BB454F} = {5D35FD6A-8A13-4F03-BD45-35778CA3A983}
	EndGlobalSection
	GlobalSection(ExtensibilityGlobals) = postSolution
		SolutionGuid = {9AC96DC9-DD80-4B59-AF86-899C99CEB97D}
	EndGlobalSection
EndGlobal
